
Microsoft Visual Studio Solution File, Format Version 12.00
# Visual Studio Version 17
VisualStudioVersion = 17.4.33110.190
MinimumVisualStudioVersion = 10.0.40219.1
Project("{FAE04EC0-301F-11D3-BF4B-00C04F79EFBC}") = "ByteBank", "ByteBank\ByteBank.csproj", "{D2A80812-E0DB-4929-AF31-0D0838EFBE6F}"
EndProject
Global
	GlobalSection(SolutionConfigurationPlatforms) = preSolution
		Debug|Any CPU = Debug|Any CPU
		Release|Any CPU = Release|Any CPU
	EndGlobalSection
	GlobalSection(ProjectConfigurationPlatforms) = postSolution
		{D2A80812-E0DB-4929-AF31-0D0838EFBE6F}.Debug|Any CPU.ActiveCfg = Debug|Any CPU
		{D2A80812-E0DB-4929-AF31-0D0838EFBE6F}.Debug|Any CPU.Build.0 = Debug|Any CPU
		{D2A80812-E0DB-4929-AF31-0D0838EFBE6F}.Release|Any CPU.ActiveCfg = Release|Any CPU
		{D2A80812-E0DB-4929-AF31-0D0838EFBE6F}.Release|Any CPU.Build.0 = Release|Any CPU
	EndGlobalSection
	GlobalSection(SolutionProperties) = preSolution
		HideSolutionNode = FALSE
	EndGlobalSection
	GlobalSection(ExtensibilityGlobals) = postSolution
		SolutionGuid = {EDCEA3E7-BB4F-4902-82FC-3A714D4465CC}
	EndGlobalSection
EndGlobal
